
Microsoft Visual Studio Solution File, Format Version 12.00
# Visual Studio Version 17
VisualStudioVersion = 17.4.33110.190
MinimumVisualStudioVersion = 10.0.40219.1
Project("{FAE04EC0-301F-11D3-BF4B-00C04F79EFBC}") = "BanMayTinh V2", "BanMayTinh V2\BanMayTinh V2.csproj", "{32E7F8F4-FB01-4791-A6E1-A7A997F61B77}"
EndProject
Global
	GlobalSection(SolutionConfigurationPlatforms) = preSolution
		Debug|Any CPU = Debug|Any CPU
		Release|Any CPU = Release|Any CPU
	EndGlobalSection
	GlobalSection(ProjectConfigurationPlatforms) = postSolution
		{32E7F8F4-FB01-4791-A6E1-A7A997F61B77}.Debug|Any CPU.ActiveCfg = Debug|Any CPU
		{32E7F8F4-FB01-4791-A6E1-A7A997F61B77}.Debug|Any CPU.Build.0 = Debug|Any CPU
		{32E7F8F4-FB01-4791-A6E1-A7A997F61B77}.Release|Any CPU.ActiveCfg = Release|Any CPU
		{32E7F8F4-FB01-4791-A6E1-A7A997F61B77}.Release|Any CPU.Build.0 = Release|Any CPU
	EndGlobalSection
	GlobalSection(SolutionProperties) = preSolution
		HideSolutionNode = FALSE
	EndGlobalSection
	GlobalSection(ExtensibilityGlobals) = postSolution
		SolutionGuid = {05FC9A5A-8508-4832-AD2E-2CE2E071A5E5}
	EndGlobalSection
EndGlobal
